
Microsoft Visual Studio Solution File, Format Version 12.00
# Visual Studio 2012
Project("{FAE04EC0-301F-11D3-BF4B-00C04F79EFBC}") = "AllUserStory", "AllUserStory\AllUserStory.csproj", "{40796A94-193E-41BD-B0AA-6B06A80088F0}"
EndProject
Global
	GlobalSection(SolutionConfigurationPlatforms) = preSolution
		Debug|Any CPU = Debug|Any CPU
		Release|Any CPU = Release|Any CPU
	EndGlobalSection
	GlobalSection(ProjectConfigurationPlatforms) = postSolution
		{40796A94-193E-41BD-B0AA-6B06A80088F0}.Debug|Any CPU.ActiveCfg = Debug|Any CPU
		{40796A94-193E-41BD-B0AA-6B06A80088F0}.Debug|Any CPU.Build.0 = Debug|Any CPU
		{40796A94-193E-41BD-B0AA-6B06A80088F0}.Release|Any CPU.ActiveCfg = Release|Any CPU
		{40796A94-193E-41BD-B0AA-6B06A80088F0}.Release|Any CPU.Build.0 = Release|Any CPU
	EndGlobalSection
	GlobalSection(SolutionProperties) = preSolution
		HideSolutionNode = FALSE
	EndGlobalSection
EndGlobal
